// !$*UTF8*$!
{
	archiveVersion = 1;
	classes = {
	};
	objectVersion = 46;
	objects = {

/* Begin PBXBuildFile section */
		A6085BF51DBC43A000E50ECA /* ThirdViewController.swift in Sources */ = {isa = PBXBuildFile; fileRef = A6085BF41DBC43A000E50ECA /* ThirdViewController.swift */; };
		A6775E011DBAE9DC00391B6F /* AppDelegate.swift in Sources */ = {isa = PBXBuildFile; fileRef = A6775E001DBAE9DC00391B6F /* AppDelegate.swift */; };
		A6775E031DBAE9DC00391B6F /* FirstViewController.swift in Sources */ = {isa = PBXBuildFile; fileRef = A6775E021DBAE9DC00391B6F /* FirstViewController.swift */; };
		A6775E051DBAE9DC00391B6F /* SecondViewController.swift in Sources */ = {isa = PBXBuildFile; fileRef = A6775E041DBAE9DC00391B6F /* SecondViewController.swift */; };
		A6775E081DBAE9DC00391B6F /* Main.storyboard in Resources */ = {isa = PBXBuildFile; fileRef = A6775E061DBAE9DC00391B6F /* Main.storyboard */; };
		A6775E0A1DBAE9DC00391B6F /* Assets.xcassets in Resources */ = {isa = PBXBuildFile; fileRef = A6775E091DBAE9DC00391B6F /* Assets.xcassets */; };
		A6775E0D1DBAE9DC00391B6F /* LaunchScreen.storyboard in Resources */ = {isa = PBXBuildFile; fileRef = A6775E0B1DBAE9DC00391B6F /* LaunchScreen.storyboard */; };
		A6775E181DBAE9DC00391B6F /* Assignment4Tests.swift in Sources */ = {isa = PBXBuildFile; fileRef = A6775E171DBAE9DC00391B6F /* Assignment4Tests.swift */; };
		A6775E231DBAE9DC00391B6F /* Assignment4UITests.swift in Sources */ = {isa = PBXBuildFile; fileRef = A6775E221DBAE9DC00391B6F /* Assignment4UITests.swift */; };
		A6775E311DBAF22200391B6F /* food.plist in Resources */ = {isa = PBXBuildFile; fileRef = A6775E301DBAF22200391B6F /* food.plist */; };
/* End PBXBuildFile section */

/* Begin PBXContainerItemProxy section */
		A6775E141DBAE9DC00391B6F /* PBXContainerItemProxy */ = {
			isa = PBXContainerItemProxy;
			containerPortal = A6775DF51DBAE9DC00391B6F /* Project object */;
			proxyType = 1;
			remoteGlobalIDString = A6775DFC1DBAE9DC00391B6F;
			remoteInfo = Assignment4;
		};
		A6775E1F1DBAE9DC00391B6F /* PBXContainerItemProxy */ = {
			isa = PBXContainerItemProxy;
			containerPortal = A6775DF51DBAE9DC00391B6F /* Project object */;
			proxyType = 1;
			remoteGlobalIDString = A6775DFC1DBAE9DC00391B6F;
			remoteInfo = Assignment4;
		};
/* End PBXContainerItemProxy section */

/* Begin PBXFileReference section */
		A6085BF41DBC43A000E50ECA /* ThirdViewController.swift */ = {isa = PBXFileReference; fileEncoding = 4; lastKnownFileType = sourcecode.swift; path = ThirdViewController.swift; sourceTree = "<group>"; };
		A6775DFD1DBAE9DC00391B6F /* Assignment4.app */ = {isa = PBXFileReference; explicitFileType = wrapper.application; includeInIndex = 0; path = Assignment4.app; sourceTree = BUILT_PRODUCTS_DIR; };
		A6775E001DBAE9DC00391B6F /* AppDelegate.swift */ = {isa = PBXFileReference; lastKnownFileType = sourcecode.swift; path = AppDelegate.swift; sourceTree = "<group>"; };
		A6775E021DBAE9DC00391B6F /* FirstViewController.swift */ = {isa = PBXFileReference; lastKnownFileType = sourcecode.swift; path = FirstViewController.swift; sourceTree = "<group>"; };
		A6775E041DBAE9DC00391B6F /* SecondViewController.swift */ = {isa = PBXFileReference; lastKnownFileType = sourcecode.swift; path = SecondViewController.swift; sourceTree = "<group>"; };
		A6775E071DBAE9DC00391B6F /* Base */ = {isa = PBXFileReference; lastKnownFileType = file.storyboard; name = Base; path = Base.lproj/Main.storyboard; sourceTree = "<group>"; };
		A6775E091DBAE9DC00391B6F /* Assets.xcassets */ = {isa = PBXFileReference; lastKnownFileType = folder.assetcatalog; path = Assets.xcassets; sourceTree = "<group>"; };
		A6775E0C1DBAE9DC00391B6F /* Base */ = {isa = PBXFileReference; lastKnownFileType = file.storyboard; name = Base; path = Base.lproj/LaunchScreen.storyboard; sourceTree = "<group>"; };
		A6775E0E1DBAE9DC00391B6F /* Info.plist */ = {isa = PBXFileReference; lastKnownFileType = text.plist.xml; path = Info.plist; sourceTree = "<group>"; };
		A6775E131DBAE9DC00391B6F /* Assignment4Tests.xctest */ = {isa = PBXFileReference; explicitFileType = wrapper.cfbundle; includeInIndex = 0; path = Assignment4Tests.xctest; sourceTree = BUILT_PRODUCTS_DIR; };
		A6775E171DBAE9DC00391B6F /* Assignment4Tests.swift */ = {isa = PBXFileReference; lastKnownFileType = sourcecode.swift; path = Assignment4Tests.swift; sourceTree = "<group>"; };
		A6775E191DBAE9DC00391B6F /* Info.plist */ = {isa = PBXFileReference; lastKnownFileType = text.plist.xml; path = Info.plist; sourceTree = "<group>"; };
		A6775E1E1DBAE9DC00391B6F /* Assignment4UITests.xctest */ = {isa = PBXFileReference; explicitFileType = wrapper.cfbundle; includeInIndex = 0; path = Assignment4UITests.xctest; sourceTree = BUILT_PRODUCTS_DIR; };
		A6775E221DBAE9DC00391B6F /* Assignment4UITests.swift */ = {isa = PBXFileReference; lastKnownFileType = sourcecode.swift; path = Assignment4UITests.swift; sourceTree = "<group>"; };
		A6775E241DBAE9DC00391B6F /* Info.plist */ = {isa = PBXFileReference; lastKnownFileType = text.plist.xml; path = Info.plist; sourceTree = "<group>"; };
		A6775E301DBAF22200391B6F /* food.plist */ = {isa = PBXFileReference; fileEncoding = 4; lastKnownFileType = text.plist.xml; path = food.plist; sourceTree = "<group>"; };
/* End PBXFileReference section */

/* Begin PBXFrameworksBuildPhase section */
		A6775DFA1DBAE9DC00391B6F /* Frameworks */ = {
			isa = PBXFrameworksBuildPhase;
			buildActionMask = 2147483647;
			files = (
			);
			runOnlyForDeploymentPostprocessing = 0;
		};
		A6775E101DBAE9DC00391B6F /* Frameworks */ = {
			isa = PBXFrameworksBuildPhase;
			buildActionMask = 2147483647;
			files = (
			);
			runOnlyForDeploymentPostprocessing = 0;
		};
		A6775E1B1DBAE9DC00391B6F /* Frameworks */ = {
			isa = PBXFrameworksBuildPhase;
			buildActionMask = 2147483647;
			files = (
			);
			runOnlyForDeploymentPostprocessing = 0;
		};
/* End PBXFrameworksBuildPhase section */

/* Begin PBXGroup section */
		A6775DF41DBAE9DC00391B6F = {
			isa = PBXGroup;
			children = (
				A6775DFF1DBAE9DC00391B6F /* Assignment4 */,
				A6775E161DBAE9DC00391B6F /* Assignment4Tests */,
				A6775E211DBAE9DC00391B6F /* Assignment4UITests */,
				A6775DFE1DBAE9DC00391B6F /* Products */,
			);
			sourceTree = "<group>";
		};
		A6775DFE1DBAE9DC00391B6F /* Products */ = {
			isa = PBXGroup;
			children = (
				A6775DFD1DBAE9DC00391B6F /* Assignment4.app */,
				A6775E131DBAE9DC00391B6F /* Assignment4Tests.xctest */,
				A6775E1E1DBAE9DC00391B6F /* Assignment4UITests.xctest */,
			);
			name = Products;
			sourceTree = "<group>";
		};
		A6775DFF1DBAE9DC00391B6F /* Assignment4 */ = {
			isa = PBXGroup;
			children = (
				A6775E001DBAE9DC00391B6F /* AppDelegate.swift */,
				A6775E021DBAE9DC00391B6F /* FirstViewController.swift */,
				A6775E041DBAE9DC00391B6F /* SecondViewController.swift */,
				A6085BF41DBC43A000E50ECA /* ThirdViewController.swift */,
				A6775E061DBAE9DC00391B6F /* Main.storyboard */,
				A6775E301DBAF22200391B6F /* food.plist */,
				A6775E091DBAE9DC00391B6F /* Assets.xcassets */,
				A6775E0B1DBAE9DC00391B6F /* LaunchScreen.storyboard */,
				A6775E0E1DBAE9DC00391B6F /* Info.plist */,
			);
			path = Assignment4;
			sourceTree = "<group>";
		};
		A6775E161DBAE9DC00391B6F /* Assignment4Tests */ = {
			isa = PBXGroup;
			children = (
				A6775E171DBAE9DC00391B6F /* Assignment4Tests.swift */,
				A6775E191DBAE9DC00391B6F /* Info.plist */,
			);
			path = Assignment4Tests;
			sourceTree = "<group>";
		};
		A6775E211DBAE9DC00391B6F /* Assignment4UITests */ = {
			isa = PBXGroup;
			children = (
				A6775E221DBAE9DC00391B6F /* Assignment4UITests.swift */,
				A6775E241DBAE9DC00391B6F /* Info.plist */,
			);
			path = Assignment4UITests;
			sourceTree = "<group>";
		};
/* End PBXGroup section */

/* Begin PBXNativeTarget section */
		A6775DFC1DBAE9DC00391B6F /* Assignment4 */ = {
			isa = PBXNativeTarget;
			buildConfigurationList = A6775E271DBAE9DC00391B6F /* Build configuration list for PBXNativeTarget "Assignment4" */;
			buildPhases = (
				A6775DF91DBAE9DC00391B6F /* Sources */,
				A6775DFA1DBAE9DC00391B6F /* Frameworks */,
				A6775DFB1DBAE9DC00391B6F /* Resources */,
			);
			buildRules = (
			);
			dependencies = (
			);
			name = Assignment4;
			productName = Assignment4;
			productReference = A6775DFD1DBAE9DC00391B6F /* Assignment4.app */;
			productType = "com.apple.product-type.application";
		};
		A6775E121DBAE9DC00391B6F /* Assignment4Tests */ = {
			isa = PBXNativeTarget;
			buildConfigurationList = A6775E2A1DBAE9DC00391B6F /* Build configuration list for PBXNativeTarget "Assignment4Tests" */;
			buildPhases = (
				A6775E0F1DBAE9DC00391B6F /* Sources */,
				A6775E101DBAE9DC00391B6F /* Frameworks */,
				A6775E111DBAE9DC00391B6F /* Resources */,
			);
			buildRules = (
			);
			dependencies = (
				A6775E151DBAE9DC00391B6F /* PBXTargetDependency */,
			);
			name = Assignment4Tests;
			productName = Assignment4Tests;
			productReference = A6775E131DBAE9DC00391B6F /* Assignment4Tests.xctest */;
			productType = "com.apple.product-type.bundle.unit-test";
		};
		A6775E1D1DBAE9DC00391B6F /* Assignment4UITests */ = {
			isa = PBXNativeTarget;
			buildConfigurationList = A6775E2D1DBAE9DC00391B6F /* Build configuration list for PBXNativeTarget "Assignment4UITests" */;
			buildPhases = (
				A6775E1A1DBAE9DC00391B6F /* Sources */,
				A6775E1B1DBAE9DC00391B6F /* Frameworks */,
				A6775E1C1DBAE9DC00391B6F /* Resources */,
			);
			buildRules = (
			);
			dependencies = (
				A6775E201DBAE9DC00391B6F /* PBXTargetDependency */,
			);
			name = Assignment4UITests;
			productName = Assignment4UITests;
			productReference = A6775E1E1DBAE9DC00391B6F /* Assignment4UITests.xctest */;
			productType = "com.apple.product-type.bundle.ui-testing";
		};
/* End PBXNativeTarget section */

/* Begin PBXProject section */
		A6775DF51DBAE9DC00391B6F /* Project object */ = {
			isa = PBXProject;
			attributes = {
				LastSwiftUpdateCheck = 0800;
				LastUpgradeCheck = 0800;
				ORGANIZATIONNAME = "DONG JIANG";
				TargetAttributes = {
					A6775DFC1DBAE9DC00391B6F = {
						CreatedOnToolsVersion = 8.0;
						DevelopmentTeam = 93H7Z76UAP;
						ProvisioningStyle = Automatic;
					};
					A6775E121DBAE9DC00391B6F = {
						CreatedOnToolsVersion = 8.0;
						DevelopmentTeam = 93H7Z76UAP;
						ProvisioningStyle = Automatic;
						TestTargetID = A6775DFC1DBAE9DC00391B6F;
					};
					A6775E1D1DBAE9DC00391B6F = {
						CreatedOnToolsVersion = 8.0;
						DevelopmentTeam = 93H7Z76UAP;
						ProvisioningStyle = Automatic;
						TestTargetID = A6775DFC1DBAE9DC00391B6F;
					};
				};
			};
			buildConfigurationList = A6775DF81DBAE9DC00391B6F /* Build configuration list for PBXProject "Assignment4" */;
			compatibilityVersion = "Xcode 3.2";
			developmentRegion = English;
			hasScannedForEncodings = 0;
			knownRegions = (
				en,
				Base,
			);
			mainGroup = A6775DF41DBAE9DC00391B6F;
			productRefGroup = A6775DFE1DBAE9DC00391B6F /* Products */;
			projectDirPath = "";
			projectRoot = "";
			targets = (
				A6775DFC1DBAE9DC00391B6F /* Assignment4 */,
				A6775E121DBAE9DC00391B6F /* Assignment4Tests */,
				A6775E1D1DBAE9DC00391B6F /* Assignment4UITests */,
			);
		};
/* End PBXProject section */

/* Begin PBXResourcesBuildPhase section */
		A6775DFB1DBAE9DC00391B6F /* Resources */ = {
			isa = PBXResourcesBuildPhase;
			buildActionMask = 2147483647;
			files = (
				A6775E0D1DBAE9DC00391B6F /* LaunchScreen.storyboard in Resources */,
				A6775E0A1DBAE9DC00391B6F /* Assets.xcassets in Resources */,
				A6775E311DBAF22200391B6F /* food.plist in Resources */,
				A6775E081DBAE9DC00391B6F /* Main.storyboard in Resources */,
			);
			runOnlyForDeploymentPostprocessing = 0;
		};
		A6775E111DBAE9DC00391B6F /* Resources */ = {
			isa = PBXResourcesBuildPhase;
			buildActionMask = 2147483647;
			files = (
			);
			runOnlyForDeploymentPostprocessing = 0;
		};
		A6775E1C1DBAE9DC00391B6F /* Resources */ = {
			isa = PBXResourcesBuildPhase;
			buildActionMask = 2147483647;
			files = (
			);
			runOnlyForDeploymentPostprocessing = 0;
		};
/* End PBXResourcesBuildPhase section */

/* Begin PBXSourcesBuildPhase section */
		A6775DF91DBAE9DC00391B6F /* Sources */ = {
			isa = PBXSourcesBuildPhase;
			buildActionMask = 2147483647;
			files = (
				A6775E051DBAE9DC00391B6F /* SecondViewController.swift in Sources */,
				A6775E011DBAE9DC00391B6F /* AppDelegate.swift in Sources */,
				A6085BF51DBC43A000E50ECA /* ThirdViewController.swift in Sources */,
				A6775E031DBAE9DC00391B6F /* FirstViewController.swift in Sources */,
			);
			runOnlyForDeploymentPostprocessing = 0;
		};
		A6775E0F1DBAE9DC00391B6F /* Sources */ = {
			isa = PBXSourcesBuildPhase;
			buildActionMask = 2147483647;
			files = (
				A6775E181DBAE9DC00391B6F /* Assignment4Tests.swift in Sources */,
			);
			runOnlyForDeploymentPostprocessing = 0;
		};
		A6775E1A1DBAE9DC00391B6F /* Sources */ = {
			isa = PBXSourcesBuildPhase;
			buildActionMask = 2147483647;
			files = (
				A6775E231DBAE9DC00391B6F /* Assignment4UITests.swift in Sources */,
			);
			runOnlyForDeploymentPostprocessing = 0;
		};
/* End PBXSourcesBuildPhase section */

/* Begin PBXTargetDependency section */
		A6775E151DBAE9DC00391B6F /* PBXTargetDependency */ = {
			isa = PBXTargetDependency;
			target = A6775DFC1DBAE9DC00391B6F /* Assignment4 */;
			targetProxy = A6775E141DBAE9DC00391B6F /* PBXContainerItemProxy */;
		};
		A6775E201DBAE9DC00391B6F /* PBXTargetDependency */ = {
			isa = PBXTargetDependency;
			target = A6775DFC1DBAE9DC00391B6F /* Assignment4 */;
			targetProxy = A6775E1F1DBAE9DC00391B6F /* PBXContainerItemProxy */;
		};
/* End PBXTargetDependency section */

/* Begin PBXVariantGroup section */
		A6775E061DBAE9DC00391B6F /* Main.storyboard */ = {
			isa = PBXVariantGroup;
			children = (
				A6775E071DBAE9DC00391B6F /* Base */,
			);
			name = Main.storyboard;
			sourceTree = "<group>";
		};
		A6775E0B1DBAE9DC00391B6F /* LaunchScreen.storyboard */ = {
			isa = PBXVariantGroup;
			children = (
				A6775E0C1DBAE9DC00391B6F /* Base */,
			);
			name = LaunchScreen.storyboard;
			sourceTree = "<group>";
		};
/* End PBXVariantGroup section */

/* Begin XCBuildConfiguration section */
		A6775E251DBAE9DC00391B6F /* Debug */ = {
			isa = XCBuildConfiguration;
			buildSettings = {
				ALWAYS_SEARCH_USER_PATHS = NO;
				CLANG_ANALYZER_NONNULL = YES;
				CLANG_CXX_LANGUAGE_STANDARD = "gnu++0x";
				CLANG_CXX_LIBRARY = "libc++";
				CLANG_ENABLE_MODULES = YES;
				CLANG_ENABLE_OBJC_ARC = YES;
				CLANG_WARN_BOOL_CONVERSION = YES;
				CLANG_WARN_CONSTANT_CONVERSION = YES;
				CLANG_WARN_DIRECT_OBJC_ISA_USAGE = YES_ERROR;
				CLANG_WARN_DOCUMENTATION_COMMENTS = YES;
				CLANG_WARN_EMPTY_BODY = YES;
				CLANG_WARN_ENUM_CONVERSION = YES;
				CLANG_WARN_INFINITE_RECURSION = YES;
				CLANG_WARN_INT_CONVERSION = YES;
				CLANG_WARN_OBJC_ROOT_CLASS = YES_ERROR;
				CLANG_WARN_SUSPICIOUS_MOVES = YES;
				CLANG_WARN_UNREACHABLE_CODE = YES;
				CLANG_WARN__DUPLICATE_METHOD_MATCH = YES;
				"CODE_SIGN_IDENTITY[sdk=iphoneos*]" = "iPhone Developer";
				COPY_PHASE_STRIP = NO;
				DEBUG_INFORMATION_FORMAT = dwarf;
				ENABLE_STRICT_OBJC_MSGSEND = YES;
				ENABLE_TESTABILITY = YES;
				GCC_C_LANGUAGE_STANDARD = gnu99;
				GCC_DYNAMIC_NO_PIC = NO;
				GCC_NO_COMMON_BLOCKS = YES;
				GCC_OPTIMIZATION_LEVEL = 0;
				GCC_PREPROCESSOR_DEFINITIONS = (
					"DEBUG=1",
					"$(inherited)",
				);
				GCC_WARN_64_TO_32_BIT_CONVERSION = YES;
				GCC_WARN_ABOUT_RETURN_TYPE = YES_ERROR;
				GCC_WARN_UNDECLARED_SELECTOR = YES;
				GCC_WARN_UNINITIALIZED_AUTOS = YES_AGGRESSIVE;
				GCC_WARN_UNUSED_FUNCTION = YES;
				GCC_WARN_UNUSED_VARIABLE = YES;
				IPHONEOS_DEPLOYMENT_TARGET = 10.0;
				MTL_ENABLE_DEBUG_INFO = YES;
				ONLY_ACTIVE_ARCH = YES;
				SDKROOT = iphoneos;
				SWIFT_ACTIVE_COMPILATION_CONDITIONS = DEBUG;
				SWIFT_OPTIMIZATION_LEVEL = "-Onone";
			};
			name = Debug;
		};
		A6775E261DBAE9DC00391B6F /* Release */ = {
			isa = XCBuildConfiguration;
			buildSettings = {
				ALWAYS_SEARCH_USER_PATHS = NO;
				CLANG_ANALYZER_NONNULL = YES;
				CLANG_CXX_LANGUAGE_STANDARD = "gnu++0x";
				CLANG_CXX_LIBRARY = "libc++";
				CLANG_ENABLE_MODULES = YES;
				CLANG_ENABLE_OBJC_ARC = YES;
				CLANG_WARN_BOOL_CONVERSION = YES;
				CLANG_WARN_CONSTANT_CONVERSION = YES;
				CLANG_WARN_DIRECT_OBJC_ISA_USAGE = YES_ERROR;
				CLANG_WARN_DOCUMENTATION_COMMENTS = YES;
				CLANG_WARN_EMPTY_BODY = YES;
				CLANG_WARN_ENUM_CONVERSION = YES;
				CLANG_WARN_INFINITE_RECURSION = YES;
				CLANG_WARN_INT_CONVERSION = YES;
				CLANG_WARN_OBJC_ROOT_CLASS = YES_ERROR;
				CLANG_WARN_SUSPICIOUS_MOVES = YES;
				CLANG_WARN_UNREACHABLE_CODE = YES;
				CLANG_WARN__DUPLICATE_METHOD_MATCH = YES;
				"CODE_SIGN_IDENTITY[sdk=iphoneos*]" = "iPhone Developer";
				COPY_PHASE_STRIP = NO;
				DEBUG_INFORMATION_FORMAT = "dwarf-with-dsym";
				ENABLE_NS_ASSERTIONS = NO;
				ENABLE_STRICT_OBJC_MSGSEND = YES;
				GCC_C_LANGUAGE_STANDARD = gnu99;
				GCC_NO_COMMON_BLOCKS = YES;
				GCC_WARN_64_TO_32_BIT_CONVERSION = YES;
				GCC_WARN_ABOUT_RETURN_TYPE = YES_ERROR;
				GCC_WARN_UNDECLARED_SELECTOR = YES;
				GCC_WARN_UNINITIALIZED_AUTOS = YES_AGGRESSIVE;
				GCC_WARN_UNUSED_FUNCTION = YES;
				GCC_WARN_UNUSED_VARIABLE = YES;
				IPHONEOS_DEPLOYMENT_TARGET = 10.0;
				MTL_ENABLE_DEBUG_INFO = NO;
				SDKROOT = iphoneos;
				SWIFT_OPTIMIZATION_LEVEL = "-Owholemodule";
				VALIDATE_PRODUCT = YES;
			};
			name = Release;
		};
		A6775E281DBAE9DC00391B6F /* Debug */ = {
			isa = XCBuildConfiguration;
			buildSettings = {
				ASSETCATALOG_COMPILER_APPICON_NAME = AppIcon;
				DEVELOPMENT_TEAM = 93H7Z76UAP;
				INFOPLIST_FILE = Assignment4/Info.plist;
				LD_RUNPATH_SEARCH_PATHS = "$(inherited) @executable_path/Frameworks";
				PRODUCT_BUNDLE_IDENTIFIER = "JD-SDSU.Assignment4";
				PRODUCT_NAME = "$(TARGET_NAME)";
				SWIFT_VERSION = 3.0;
			};
			name = Debug;
		};
		A6775E291DBAE9DC00391B6F /* Release */ = {
			isa = XCBuildConfiguration;
			buildSettings = {
				ASSETCATALOG_COMPILER_APPICON_NAME = AppIcon;
				DEVELOPMENT_TEAM = 93H7Z76UAP;
				INFOPLIST_FILE = Assignment4/Info.plist;
				LD_RUNPATH_SEARCH_PATHS = "$(inherited) @executable_path/Frameworks";
				PRODUCT_BUNDLE_IDENTIFIER = "JD-SDSU.Assignment4";
				PRODUCT_NAME = "$(TARGET_NAME)";
				SWIFT_VERSION = 3.0;
			};
			name = Release;
		};
		A6775E2B1DBAE9DC00391B6F /* Debug */ = {
			isa = XCBuildConfiguration;
			buildSettings = {
				ALWAYS_EMBED_SWIFT_STANDARD_LIBRARIES = YES;
				BUNDLE_LOADER = "$(TEST_HOST)";
				DEVELOPMENT_TEAM = 93H7Z76UAP;
				INFOPLIST_FILE = Assignment4Tests/Info.plist;
				LD_RUNPATH_SEARCH_PATHS = "$(inherited) @executable_path/Frameworks @loader_path/Frameworks";
				PRODUCT_BUNDLE_IDENTIFIER = "JD-SDSU.Assignment4Tests";
				PRODUCT_NAME = "$(TARGET_NAME)";
				SWIFT_VERSION = 3.0;
				TEST_HOST = "$(BUILT_PRODUCTS_DIR)/Assignment4.app/Assignment4";
			};
			name = Debug;
		};
		A6775E2C1DBAE9DC00391B6F /* Release */ = {
			isa = XCBuildConfiguration;
			buildSettings = {
				ALWAYS_EMBED_SWIFT_STANDARD_LIBRARIES = YES;
				BUNDLE_LOADER = "$(TEST_HOST)";
				DEVELOPMENT_TEAM = 93H7Z76UAP;
				INFOPLIST_FILE = Assignment4Tests/Info.plist;
				LD_RUNPATH_SEARCH_PATHS = "$(inherited) @executable_path/Frameworks @loader_path/Frameworks";
				PRODUCT_BUNDLE_IDENTIFIER = "JD-SDSU.Assignment4Tests";
				PRODUCT_NAME = "$(TARGET_NAME)";
				SWIFT_VERSION = 3.0;
				TEST_HOST = "$(BUILT_PRODUCTS_DIR)/Assignment4.app/Assignment4";
			};
			name = Release;
		};
		A6775E2E1DBAE9DC00391B6F /* Debug */ = {
			isa = XCBuildConfiguration;
			buildSettings = {
				ALWAYS_EMBED_SWIFT_STANDARD_LIBRARIES = YES;
				DEVELOPMENT_TEAM = 93H7Z76UAP;
				INFOPLIST_FILE = Assignment4UITests/Info.plist;
				LD_RUNPATH_SEARCH_PATHS = "$(inherited) @executable_path/Frameworks @loader_path/Frameworks";
				PRODUCT_BUNDLE_IDENTIFIER = "JD-SDSU.Assignment4UITests";
				PRODUCT_NAME = "$(TARGET_NAME)";
				SWIFT_VERSION = 3.0;
				TEST_TARGET_NAME = Assignment4;
			};
			name = Debug;
		};
		A6775E2F1DBAE9DC00391B6F /* Release */ = {
			isa = XCBuildConfiguration;
			buildSettings = {
				ALWAYS_EMBED_SWIFT_STANDARD_LIBRARIES = YES;
				DEVELOPMENT_TEAM = 93H7Z76UAP;
				INFOPLIST_FILE = Assignment4UITests/Info.plist;
				LD_RUNPATH_SEARCH_PATHS = "$(inherited) @executable_path/Frameworks @loader_path/Frameworks";
				PRODUCT_BUNDLE_IDENTIFIER = "JD-SDSU.Assignment4UITests";
				PRODUCT_NAME = "$(TARGET_NAME)";
				SWIFT_VERSION = 3.0;
				TEST_TARGET_NAME = Assignment4;
			};
			name = Release;
		};
/* End XCBuildConfiguration section */

/* Begin XCConfigurationList section */
		A6775DF81DBAE9DC00391B6F /* Build configuration list for PBXProject "Assignment4" */ = {
			isa = XCConfigurationList;
			buildConfigurations = (
				A6775E251DBAE9DC00391B6F /* Debug */,
				A6775E261DBAE9DC00391B6F /* Release */,
			);
			defaultConfigurationIsVisible = 0;
			defaultConfigurationName = Release;
		};
		A6775E271DBAE9DC00391B6F /* Build configuration list for PBXNativeTarget "Assignment4" */ = {
			isa = XCConfigurationList;
			buildConfigurations = (
				A6775E281DBAE9DC00391B6F /* Debug */,
				A6775E291DBAE9DC00391B6F /* Release */,
			);
			defaultConfigurationIsVisible = 0;
			defaultConfigurationName = Release;
		};
		A6775E2A1DBAE9DC00391B6F /* Build configuration list for PBXNativeTarget "Assignment4Tests" */ = {
			isa = XCConfigurationList;
			buildConfigurations = (
				A6775E2B1DBAE9DC00391B6F /* Debug */,
				A6775E2C1DBAE9DC00391B6F /* Release */,
			);
			defaultConfigurationIsVisible = 0;
			defaultConfigurationName = Release;
		};
		A6775E2D1DBAE9DC00391B6F /* Build configuration list for PBXNativeTarget "Assignment4UITests" */ = {
			isa = XCConfigurationList;
			buildConfigurations = (
				A6775E2E1DBAE9DC00391B6F /* Debug */,
				A6775E2F1DBAE9DC00391B6F /* Release */,
			);
			defaultConfigurationIsVisible = 0;
			defaultConfigurationName = Release;
		};
/* End XCConfigurationList section */
	};
	rootObject = A6775DF51DBAE9DC00391B6F /* Project object */;
}
